
Microsoft Visual Studio Solution File, Format Version 12.00
# Visual Studio Version 17
VisualStudioVersion = 17.0.31903.59
MinimumVisualStudioVersion = 10.0.40219.1
Project("{2150E333-8FDC-42A3-9474-1A3956D46DE8}") = "src", "src", "{827E0CD3-B72D-47B6-A68D-7590B98EB39B}"
EndProject
Project("{FAE04EC0-301F-11D3-BF4B-00C04F79EFBC}") = "WprHelper.Contracts", "src\WprHelper.Contracts\WprHelper.Contracts.csproj", "{A3EE7E95-0EA4-45E4-BE12-4192FB65FE9B}"
EndProject
Project("{FAE04EC0-301F-11D3-BF4B-00C04F79EFBC}") = "WprHelper.Core", "src\WprHelper.Core\WprHelper.Core.csproj", "{849A8542-5F16-45B2-9372-1B444AA6346A}"
EndProject
Project("{FAE04EC0-301F-11D3-BF4B-00C04F79EFBC}") = "WprHelper.Infrastructure", "src\WprHelper.Infrastructure\WprHelper.Infrastructure.csproj", "{5A704C08-7FFD-4BC8-AAAB-9C3390CB733D}"
EndProject
Project("{FAE04EC0-301F-11D3-BF4B-00C04F79EFBC}") = "WprHelper.App", "src\WprHelper.App\WprHelper.App.csproj", "{C46B2456-5188-4AD6-BB97-F2EFD73A4486}"
EndProject
Project("{FAE04EC0-301F-11D3-BF4B-00C04F79EFBC}") = "WprHelper.Core.Tests", "tests\WprHelper.Core.Tests\WprHelper.Core.Tests.csproj", "{5FF5B234-47AB-4B0F-A105-67280A166EDA}"
EndProject
Project("{FAE04EC0-301F-11D3-BF4B-00C04F79EFBC}") = "WprHelper.Infrastructure.Tests", "tests\WprHelper.Infrastructure.Tests\WprHelper.Infrastructure.Tests.csproj", "{FBDDFD92-B77B-4896-97D7-DFCD630F2CC6}"
EndProject
Project("{FAE04EC0-301F-11D3-BF4B-00C04F79EFBC}") = "WprHelper.IntegrationTests", "tests\WprHelper.IntegrationTests\WprHelper.IntegrationTests.csproj", "{935DAFE6-2F0C-4436-93B5-E20C0B178F26}"
EndProject
Global
	GlobalSection(SolutionConfigurationPlatforms) = preSolution
		Debug|Any CPU = Debug|Any CPU
		Debug|x64 = Debug|x64
		Debug|x86 = Debug|x86
		Release|Any CPU = Release|Any CPU
		Release|x64 = Release|x64
		Release|x86 = Release|x86
	EndGlobalSection
	GlobalSection(ProjectConfigurationPlatforms) = postSolution
		{A3EE7E95-0EA4-45E4-BE12-4192FB65FE9B}.Debug|Any CPU.ActiveCfg = Debug|Any CPU
		{A3EE7E95-0EA4-45E4-BE12-4192FB65FE9B}.Debug|Any CPU.Build.0 = Debug|Any CPU
		{A3EE7E95-0EA4-45E4-BE12-4192FB65FE9B}.Debug|x64.ActiveCfg = Debug|Any CPU
		{A3EE7E95-0EA4-45E4-BE12-4192FB65FE9B}.Debug|x64.Build.0 = Debug|Any CPU
		{A3EE7E95-0EA4-45E4-BE12-4192FB65FE9B}.Debug|x86.ActiveCfg = Debug|Any CPU
		{A3EE7E95-0EA4-45E4-BE12-4192FB65FE9B}.Debug|x86.Build.0 = Debug|Any CPU
		{A3EE7E95-0EA4-45E4-BE12-4192FB65FE9B}.Release|Any CPU.ActiveCfg = Release|Any CPU
		{A3EE7E95-0EA4-45E4-BE12-4192FB65FE9B}.Release|Any CPU.Build.0 = Release|Any CPU
		{A3EE7E95-0EA4-45E4-BE12-4192FB65FE9B}.Release|x64.ActiveCfg = Release|Any CPU
		{A3EE7E95-0EA4-45E4-BE12-4192FB65FE9B}.Release|x64.Build.0 = Release|Any CPU
		{A3EE7E95-0EA4-45E4-BE12-4192FB65FE9B}.Release|x86.ActiveCfg = Release|Any CPU
		{A3EE7E95-0EA4-45E4-BE12-4192FB65FE9B}.Release|x86.Build.0 = Release|Any CPU
		{849A8542-5F16-45B2-9372-1B444AA6346A}.Debug|Any CPU.ActiveCfg = Debug|Any CPU
		{849A8542-5F16-45B2-9372-1B444AA6346A}.Debug|Any CPU.Build.0 = Debug|Any CPU
		{849A8542-5F16-45B2-9372-1B444AA6346A}.Debug|x64.ActiveCfg = Debug|Any CPU
		{849A8542-5F16-45B2-9372-1B444AA6346A}.Debug|x64.Build.0 = Debug|Any CPU
		{849A8542-5F16-45B2-9372-1B444AA6346A}.Debug|x86.ActiveCfg = Debug|Any CPU
		{849A8542-5F16-45B2-9372-1B444AA6346A}.Debug|x86.Build.0 = Debug|Any CPU
		{849A8542-5F16-45B2-9372-1B444AA6346A}.Release|Any CPU.ActiveCfg = Release|Any CPU
		{849A8542-5F16-45B2-9372-1B444AA6346A}.Release|Any CPU.Build.0 = Release|Any CPU
		{849A8542-5F16-45B2-9372-1B444AA6346A}.Release|x64.ActiveCfg = Release|Any CPU
		{849A8542-5F16-45B2-9372-1B444AA6346A}.Release|x64.Build.0 = Release|Any CPU
		{849A8542-5F16-45B2-9372-1B444AA6346A}.Release|x86.ActiveCfg = Release|Any CPU
		{849A8542-5F16-45B2-9372-1B444AA6346A}.Release|x86.Build.0 = Release|Any CPU
		{5A704C08-7FFD-4BC8-AAAB-9C3390CB733D}.Debug|Any CPU.ActiveCfg = Debug|Any CPU
		{5A704C08-7FFD-4BC8-AAAB-9C3390CB733D}.Debug|Any CPU.Build.0 = Debug|Any CPU
		{5A704C08-7FFD-4BC8-AAAB-9C3390CB733D}.Debug|x64.ActiveCfg = Debug|Any CPU
		{5A704C08-7FFD-4BC8-AAAB-9C3390CB733D}.Debug|x64.Build.0 = Debug|Any CPU
		{5A704C08-7FFD-4BC8-AAAB-9C3390CB733D}.Debug|x86.ActiveCfg = Debug|Any CPU
		{5A704C08-7FFD-4BC8-AAAB-9C3390CB733D}.Debug|x86.Build.0 = Debug|Any CPU
		{5A704C08-7FFD-4BC8-AAAB-9C3390CB733D}.Release|Any CPU.ActiveCfg = Release|Any CPU
		{5A704C08-7FFD-4BC8-AAAB-9C3390CB733D}.Release|Any CPU.Build.0 = Release|Any CPU
		{5A704C08-7FFD-4BC8-AAAB-9C3390CB733D}.Release|x64.ActiveCfg = Release|Any CPU
		{5A704C08-7FFD-4BC8-AAAB-9C3390CB733D}.Release|x64.Build.0 = Release|Any CPU
		{5A704C08-7FFD-4BC8-AAAB-9C3390CB733D}.Release|x86.ActiveCfg = Release|Any CPU
		{5A704C08-7FFD-4BC8-AAAB-9C3390CB733D}.Release|x86.Build.0 = Release|Any CPU
		{C46B2456-5188-4AD6-BB97-F2EFD73A4486}.Debug|Any CPU.ActiveCfg = Debug|Any CPU
		{C46B2456-5188-4AD6-BB97-F2EFD73A4486}.Debug|Any CPU.Build.0 = Debug|Any CPU
		{C46B2456-5188-4AD6-BB97-F2EFD73A4486}.Debug|x64.ActiveCfg = Debug|Any CPU
		{C46B2456-5188-4AD6-BB97-F2EFD73A4486}.Debug|x64.Build.0 = Debug|Any CPU
		{C46B2456-5188-4AD6-BB97-F2EFD73A4486}.Debug|x86.ActiveCfg = Debug|Any CPU
		{C46B2456-5188-4AD6-BB97-F2EFD73A4486}.Debug|x86.Build.0 = Debug|Any CPU
		{C46B2456-5188-4AD6-BB97-F2EFD73A4486}.Release|Any CPU.ActiveCfg = Release|Any CPU
		{C46B2456-5188-4AD6-BB97-F2EFD73A4486}.Release|Any CPU.Build.0 = Release|Any CPU
		{C46B2456-5188-4AD6-BB97-F2EFD73A4486}.Release|x64.ActiveCfg = Release|Any CPU
		{C46B2456-5188-4AD6-BB97-F2EFD73A4486}.Release|x64.Build.0 = Release|Any CPU
		{C46B2456-5188-4AD6-BB97-F2EFD73A4486}.Release|x86.ActiveCfg = Release|Any CPU
		{C46B2456-5188-4AD6-BB97-F2EFD73A4486}.Release|x86.Build.0 = Release|Any CPU
		{5FF5B234-47AB-4B0F-A105-67280A166EDA}.Debug|Any CPU.ActiveCfg = Debug|Any CPU
		{5FF5B234-47AB-4B0F-A105-67280A166EDA}.Debug|Any CPU.Build.0 = Debug|Any CPU
		{5FF5B234-47AB-4B0F-A105-67280A166EDA}.Debug|x64.ActiveCfg = Debug|Any CPU
		{5FF5B234-47AB-4B0F-A105-67280A166EDA}.Debug|x64.Build.0 = Debug|Any CPU
		{5FF5B234-47AB-4B0F-A105-67280A166EDA}.Debug|x86.ActiveCfg = Debug|Any CPU
		{5FF5B234-47AB-4B0F-A105-67280A166EDA}.Debug|x86.Build.0 = Debug|Any CPU
		{5FF5B234-47AB-4B0F-A105-67280A166EDA}.Release|Any CPU.ActiveCfg = Release|Any CPU
		{5FF5B234-47AB-4B0F-A105-67280A166EDA}.Release|Any CPU.Build.0 = Release|Any CPU
		{5FF5B234-47AB-4B0F-A105-67280A166EDA}.Release|x64.ActiveCfg = Release|Any CPU
		{5FF5B234-47AB-4B0F-A105-67280A166EDA}.Release|x64.Build.0 = Release|Any CPU
		{5FF5B234-47AB-4B0F-A105-67280A166EDA}.Release|x86.ActiveCfg = Release|Any CPU
		{5FF5B234-47AB-4B0F-A105-67280A166EDA}.Release|x86.Build.0 = Release|Any CPU
		{FBDDFD92-B77B-4896-97D7-DFCD630F2CC6}.Debug|Any CPU.ActiveCfg = Debug|Any CPU
		{FBDDFD92-B77B-4896-97D7-DFCD630F2CC6}.Debug|Any CPU.Build.0 = Debug|Any CPU
		{FBDDFD92-B77B-4896-97D7-DFCD630F2CC6}.Debug|x64.ActiveCfg = Debug|Any CPU
		{FBDDFD92-B77B-4896-97D7-DFCD630F2CC6}.Debug|x64.Build.0 = Debug|Any CPU
		{FBDDFD92-B77B-4896-97D7-DFCD630F2CC6}.Debug|x86.ActiveCfg = Debug|Any CPU
		{FBDDFD92-B77B-4896-97D7-DFCD630F2CC6}.Debug|x86.Build.0 = Debug|Any CPU
		{FBDDFD92-B77B-4896-97D7-DFCD630F2CC6}.Release|Any CPU.ActiveCfg = Release|Any CPU
		{FBDDFD92-B77B-4896-97D7-DFCD630F2CC6}.Release|Any CPU.Build.0 = Release|Any CPU
		{FBDDFD92-B77B-4896-97D7-DFCD630F2CC6}.Release|x64.ActiveCfg = Release|Any CPU
		{FBDDFD92-B77B-4896-97D7-DFCD630F2CC6}.Release|x64.Build.0 = Release|Any CPU
		{FBDDFD92-B77B-4896-97D7-DFCD630F2CC6}.Release|x86.ActiveCfg = Release|Any CPU
		{FBDDFD92-B77B-4896-97D7-DFCD630F2CC6}.Release|x86.Build.0 = Release|Any CPU
		{935DAFE6-2F0C-4436-93B5-E20C0B178F26}.Debug|Any CPU.ActiveCfg = Debug|Any CPU
		{935DAFE6-2F0C-4436-93B5-E20C0B178F26}.Debug|Any CPU.Build.0 = Debug|Any CPU
		{935DAFE6-2F0C-4436-93B5-E20C0B178F26}.Debug|x64.ActiveCfg = Debug|Any CPU
		{935DAFE6-2F0C-4436-93B5-E20C0B178F26}.Debug|x64.Build.0 = Debug|Any CPU
		{935DAFE6-2F0C-4436-93B5-E20C0B178F26}.Debug|x86.ActiveCfg = Debug|Any CPU
		{935DAFE6-2F0C-4436-93B5-E20C0B178F26}.Debug|x86.Build.0 = Debug|Any CPU
		{935DAFE6-2F0C-4436-93B5-E20C0B178F26}.Release|Any CPU.ActiveCfg = Release|Any CPU
		{935DAFE6-2F0C-4436-93B5-E20C0B178F26}.Release|Any CPU.Build.0 = Release|Any CPU
		{935DAFE6-2F0C-4436-93B5-E20C0B178F26}.Release|x64.ActiveCfg = Release|Any CPU
		{935DAFE6-2F0C-4436-93B5-E20C0B178F26}.Release|x64.Build.0 = Release|Any CPU
		{935DAFE6-2F0C-4436-93B5-E20C0B178F26}.Release|x86.ActiveCfg = Release|Any CPU
		{935DAFE6-2F0C-4436-93B5-E20C0B178F26}.Release|x86.Build.0 = Release|Any CPU
	EndGlobalSection
	GlobalSection(SolutionProperties) = preSolution
		HideSolutionNode = FALSE
	EndGlobalSection
	GlobalSection(NestedProjects) = preSolution
		{A3EE7E95-0EA4-45E4-BE12-4192FB65FE9B} = {827E0CD3-B72D-47B6-A68D-7590B98EB39B}
		{849A8542-5F16-45B2-9372-1B444AA6346A} = {827E0CD3-B72D-47B6-A68D-7590B98EB39B}
		{5A704C08-7FFD-4BC8-AAAB-9C3390CB733D} = {827E0CD3-B72D-47B6-A68D-7590B98EB39B}
		{C46B2456-5188-4AD6-BB97-F2EFD73A4486} = {827E0CD3-B72D-47B6-A68D-7590B98EB39B}
		{5FF5B234-47AB-4B0F-A105-67280A166EDA} = {827E0CD3-B72D-47B6-A68D-7590B98EB39B}
		{FBDDFD92-B77B-4896-97D7-DFCD630F2CC6} = {827E0CD3-B72D-47B6-A68D-7590B98EB39B}
		{935DAFE6-2F0C-4436-93B5-E20C0B178F26} = {827E0CD3-B72D-47B6-A68D-7590B98EB39B}
	EndGlobalSection
EndGlobal
